
Microsoft Visual Studio Solution File, Format Version 12.00
# Visual Studio Version 16
VisualStudioVersion = 16.0.31410.357
MinimumVisualStudioVersion = 10.0.40219.1
Project("{FAE04EC0-301F-11D3-BF4B-00C04F79EFBC}") = "ImageResizeUsingSinc_WinForms", "ImageResizeUsingSinc_WinForms\ImageResizeUsingSinc_WinForms.csproj", "{25F753D7-24B8-4DC5-AA44-7CF88D6ADA65}"
EndProject
Global
	GlobalSection(SolutionConfigurationPlatforms) = preSolution
		Debug|Any CPU = Debug|Any CPU
		Release|Any CPU = Release|Any CPU
	EndGlobalSection
	GlobalSection(ProjectConfigurationPlatforms) = postSolution
		{25F753D7-24B8-4DC5-AA44-7CF88D6ADA65}.Debug|Any CPU.ActiveCfg = Debug|Any CPU
		{25F753D7-24B8-4DC5-AA44-7CF88D6ADA65}.Debug|Any CPU.Build.0 = Debug|Any CPU
		{25F753D7-24B8-4DC5-AA44-7CF88D6ADA65}.Release|Any CPU.ActiveCfg = Release|Any CPU
		{25F753D7-24B8-4DC5-AA44-7CF88D6ADA65}.Release|Any CPU.Build.0 = Release|Any CPU
	EndGlobalSection
	GlobalSection(SolutionProperties) = preSolution
		HideSolutionNode = FALSE
	EndGlobalSection
	GlobalSection(ExtensibilityGlobals) = postSolution
		SolutionGuid = {282D2D1C-5643-4B63-8057-EB105FBB74DC}
	EndGlobalSection
EndGlobal
